// !$*UTF8*$!
{
	archiveVersion = 1;
	classes = {
	};
	objectVersion = 55;
	objects = {

/* Begin PBXBuildFile section */
		3D1D42BB2671349100720834 /* WWDC21_ReferenceApp.swift in Sources */ = {isa = PBXBuildFile; fileRef = 3D1D42AD2671348F00720834 /* WWDC21_ReferenceApp.swift */; };
		3D1D42BC2671349100720834 /* WWDC21_ReferenceApp.swift in Sources */ = {isa = PBXBuildFile; fileRef = 3D1D42AD2671348F00720834 /* WWDC21_ReferenceApp.swift */; };
		3D1D42BD2671349100720834 /* RefreshableView.swift in Sources */ = {isa = PBXBuildFile; fileRef = 3D1D42AE2671348F00720834 /* RefreshableView.swift */; };
		3D1D42BE2671349100720834 /* RefreshableView.swift in Sources */ = {isa = PBXBuildFile; fileRef = 3D1D42AE2671348F00720834 /* RefreshableView.swift */; };
		3D1D42BF2671349100720834 /* Assets.xcassets in Resources */ = {isa = PBXBuildFile; fileRef = 3D1D42AF2671349100720834 /* Assets.xcassets */; };
		3D1D42C02671349100720834 /* Assets.xcassets in Resources */ = {isa = PBXBuildFile; fileRef = 3D1D42AF2671349100720834 /* Assets.xcassets */; };
		3D1D42CA267138E200720834 /* BottomView.swift in Sources */ = {isa = PBXBuildFile; fileRef = 3D1D42C9267138E200720834 /* BottomView.swift */; };
		3D1D42CB267138E200720834 /* BottomView.swift in Sources */ = {isa = PBXBuildFile; fileRef = 3D1D42C9267138E200720834 /* BottomView.swift */; };
		3D1D42CD26713A0300720834 /* SearchBarView.swift in Sources */ = {isa = PBXBuildFile; fileRef = 3D1D42CC26713A0300720834 /* SearchBarView.swift */; };
		3D1D42CE26713A0300720834 /* SearchBarView.swift in Sources */ = {isa = PBXBuildFile; fileRef = 3D1D42CC26713A0300720834 /* SearchBarView.swift */; };
		3D1D42D026713A1100720834 /* SwipeActionsView.swift in Sources */ = {isa = PBXBuildFile; fileRef = 3D1D42CF26713A1100720834 /* SwipeActionsView.swift */; };
		3D1D42D126713A1100720834 /* SwipeActionsView.swift in Sources */ = {isa = PBXBuildFile; fileRef = 3D1D42CF26713A1100720834 /* SwipeActionsView.swift */; };
		3D1D42D326713A2500720834 /* RemoteImageView.swift in Sources */ = {isa = PBXBuildFile; fileRef = 3D1D42D226713A2500720834 /* RemoteImageView.swift */; };
		3D1D42D426713A2500720834 /* RemoteImageView.swift in Sources */ = {isa = PBXBuildFile; fileRef = 3D1D42D226713A2500720834 /* RemoteImageView.swift */; };
		3D1D42D626713A3200720834 /* BlurEffectView.swift in Sources */ = {isa = PBXBuildFile; fileRef = 3D1D42D526713A3200720834 /* BlurEffectView.swift */; };
		3D1D42D726713A3200720834 /* BlurEffectView.swift in Sources */ = {isa = PBXBuildFile; fileRef = 3D1D42D526713A3200720834 /* BlurEffectView.swift */; };
		3D1D42D926713A4E00720834 /* AlertsAndActionSheetsView.swift in Sources */ = {isa = PBXBuildFile; fileRef = 3D1D42D826713A4E00720834 /* AlertsAndActionSheetsView.swift */; };
		3D1D42DA26713A4E00720834 /* AlertsAndActionSheetsView.swift in Sources */ = {isa = PBXBuildFile; fileRef = 3D1D42D826713A4E00720834 /* AlertsAndActionSheetsView.swift */; };
/* End PBXBuildFile section */

/* Begin PBXFileReference section */
		3D1D42AD2671348F00720834 /* WWDC21_ReferenceApp.swift */ = {isa = PBXFileReference; lastKnownFileType = sourcecode.swift; path = WWDC21_ReferenceApp.swift; sourceTree = "<group>"; };
		3D1D42AE2671348F00720834 /* RefreshableView.swift */ = {isa = PBXFileReference; lastKnownFileType = sourcecode.swift; path = RefreshableView.swift; sourceTree = "<group>"; };
		3D1D42AF2671349100720834 /* Assets.xcassets */ = {isa = PBXFileReference; lastKnownFileType = folder.assetcatalog; path = Assets.xcassets; sourceTree = "<group>"; };
		3D1D42B42671349100720834 /* WWDC21 Reference.app */ = {isa = PBXFileReference; explicitFileType = wrapper.application; includeInIndex = 0; path = "WWDC21 Reference.app"; sourceTree = BUILT_PRODUCTS_DIR; };
		3D1D42BA2671349100720834 /* WWDC21 Reference.app */ = {isa = PBXFileReference; explicitFileType = wrapper.application; includeInIndex = 0; path = "WWDC21 Reference.app"; sourceTree = BUILT_PRODUCTS_DIR; };
		3D1D42C9267138E200720834 /* BottomView.swift */ = {isa = PBXFileReference; lastKnownFileType = sourcecode.swift; path = BottomView.swift; sourceTree = "<group>"; };
		3D1D42CC26713A0300720834 /* SearchBarView.swift */ = {isa = PBXFileReference; lastKnownFileType = sourcecode.swift; path = SearchBarView.swift; sourceTree = "<group>"; };
		3D1D42CF26713A1100720834 /* SwipeActionsView.swift */ = {isa = PBXFileReference; lastKnownFileType = sourcecode.swift; path = SwipeActionsView.swift; sourceTree = "<group>"; };
		3D1D42D226713A2500720834 /* RemoteImageView.swift */ = {isa = PBXFileReference; lastKnownFileType = sourcecode.swift; path = RemoteImageView.swift; sourceTree = "<group>"; };
		3D1D42D526713A3200720834 /* BlurEffectView.swift */ = {isa = PBXFileReference; lastKnownFileType = sourcecode.swift; path = BlurEffectView.swift; sourceTree = "<group>"; };
		3D1D42D826713A4E00720834 /* AlertsAndActionSheetsView.swift */ = {isa = PBXFileReference; lastKnownFileType = sourcecode.swift; path = AlertsAndActionSheetsView.swift; sourceTree = "<group>"; };
/* End PBXFileReference section */

/* Begin PBXFrameworksBuildPhase section */
		3D1D42B12671349100720834 /* Frameworks */ = {
			isa = PBXFrameworksBuildPhase;
			buildActionMask = 2147483647;
			files = (
			);
			runOnlyForDeploymentPostprocessing = 0;
		};
		3D1D42B72671349100720834 /* Frameworks */ = {
			isa = PBXFrameworksBuildPhase;
			buildActionMask = 2147483647;
			files = (
			);
			runOnlyForDeploymentPostprocessing = 0;
		};
/* End PBXFrameworksBuildPhase section */

/* Begin PBXGroup section */
		3D1D42A72671348F00720834 = {
			isa = PBXGroup;
			children = (
				3D1D42AC2671348F00720834 /* Shared */,
				3D1D42B52671349100720834 /* Products */,
			);
			sourceTree = "<group>";
		};
		3D1D42AC2671348F00720834 /* Shared */ = {
			isa = PBXGroup;
			children = (
				3D1D42AD2671348F00720834 /* WWDC21_ReferenceApp.swift */,
				3D1D42AE2671348F00720834 /* RefreshableView.swift */,
				3D1D42C9267138E200720834 /* BottomView.swift */,
				3D1D42CC26713A0300720834 /* SearchBarView.swift */,
				3D1D42CF26713A1100720834 /* SwipeActionsView.swift */,
				3D1D42D226713A2500720834 /* RemoteImageView.swift */,
				3D1D42D526713A3200720834 /* BlurEffectView.swift */,
				3D1D42AF2671349100720834 /* Assets.xcassets */,
				3D1D42D826713A4E00720834 /* AlertsAndActionSheetsView.swift */,
			);
			path = Shared;
			sourceTree = "<group>";
		};
		3D1D42B52671349100720834 /* Products */ = {
			isa = PBXGroup;
			children = (
				3D1D42B42671349100720834 /* WWDC21 Reference.app */,
				3D1D42BA2671349100720834 /* WWDC21 Reference.app */,
			);
			name = Products;
			sourceTree = "<group>";
		};
/* End PBXGroup section */

/* Begin PBXNativeTarget section */
		3D1D42B32671349100720834 /* WWDC21 Reference (iOS) */ = {
			isa = PBXNativeTarget;
			buildConfigurationList = 3D1D42C32671349100720834 /* Build configuration list for PBXNativeTarget "WWDC21 Reference (iOS)" */;
			buildPhases = (
				3D1D42B02671349100720834 /* Sources */,
				3D1D42B12671349100720834 /* Frameworks */,
				3D1D42B22671349100720834 /* Resources */,
			);
			buildRules = (
			);
			dependencies = (
			);
			name = "WWDC21 Reference (iOS)";
			productName = "WWDC21 Reference (iOS)";
			productReference = 3D1D42B42671349100720834 /* WWDC21 Reference.app */;
			productType = "com.apple.product-type.application";
		};
		3D1D42B92671349100720834 /* WWDC21 Reference (macOS) */ = {
			isa = PBXNativeTarget;
			buildConfigurationList = 3D1D42C62671349100720834 /* Build configuration list for PBXNativeTarget "WWDC21 Reference (macOS)" */;
			buildPhases = (
				3D1D42B62671349100720834 /* Sources */,
				3D1D42B72671349100720834 /* Frameworks */,
				3D1D42B82671349100720834 /* Resources */,
			);
			buildRules = (
			);
			dependencies = (
			);
			name = "WWDC21 Reference (macOS)";
			productName = "WWDC21 Reference (macOS)";
			productReference = 3D1D42BA2671349100720834 /* WWDC21 Reference.app */;
			productType = "com.apple.product-type.application";
		};
/* End PBXNativeTarget section */

/* Begin PBXProject section */
		3D1D42A82671348F00720834 /* Project object */ = {
			isa = PBXProject;
			attributes = {
				BuildIndependentTargetsInParallel = 1;
				LastSwiftUpdateCheck = 1300;
				LastUpgradeCheck = 1300;
				TargetAttributes = {
					3D1D42B32671349100720834 = {
						CreatedOnToolsVersion = 13.0;
					};
					3D1D42B92671349100720834 = {
						CreatedOnToolsVersion = 13.0;
					};
				};
			};
			buildConfigurationList = 3D1D42AB2671348F00720834 /* Build configuration list for PBXProject "WWDC21 Reference" */;
			compatibilityVersion = "Xcode 13.0";
			developmentRegion = en;
			hasScannedForEncodings = 0;
			knownRegions = (
				en,
				Base,
			);
			mainGroup = 3D1D42A72671348F00720834;
			productRefGroup = 3D1D42B52671349100720834 /* Products */;
			projectDirPath = "";
			projectRoot = "";
			targets = (
				3D1D42B32671349100720834 /* WWDC21 Reference (iOS) */,
				3D1D42B92671349100720834 /* WWDC21 Reference (macOS) */,
			);
		};
/* End PBXProject section */

/* Begin PBXResourcesBuildPhase section */
		3D1D42B22671349100720834 /* Resources */ = {
			isa = PBXResourcesBuildPhase;
			buildActionMask = 2147483647;
			files = (
				3D1D42BF2671349100720834 /* Assets.xcassets in Resources */,
			);
			runOnlyForDeploymentPostprocessing = 0;
		};
		3D1D42B82671349100720834 /* Resources */ = {
			isa = PBXResourcesBuildPhase;
			buildActionMask = 2147483647;
			files = (
				3D1D42C02671349100720834 /* Assets.xcassets in Resources */,
			);
			runOnlyForDeploymentPostprocessing = 0;
		};
/* End PBXResourcesBuildPhase section */

/* Begin PBXSourcesBuildPhase section */
		3D1D42B02671349100720834 /* Sources */ = {
			isa = PBXSourcesBuildPhase;
			buildActionMask = 2147483647;
			files = (
				3D1D42CD26713A0300720834 /* SearchBarView.swift in Sources */,
				3D1D42CA267138E200720834 /* BottomView.swift in Sources */,
				3D1D42D026713A1100720834 /* SwipeActionsView.swift in Sources */,
				3D1D42D626713A3200720834 /* BlurEffectView.swift in Sources */,
				3D1D42BD2671349100720834 /* RefreshableView.swift in Sources */,
				3D1D42D926713A4E00720834 /* AlertsAndActionSheetsView.swift in Sources */,
				3D1D42D326713A2500720834 /* RemoteImageView.swift in Sources */,
				3D1D42BB2671349100720834 /* WWDC21_ReferenceApp.swift in Sources */,
			);
			runOnlyForDeploymentPostprocessing = 0;
		};
		3D1D42B62671349100720834 /* Sources */ = {
			isa = PBXSourcesBuildPhase;
			buildActionMask = 2147483647;
			files = (
				3D1D42CE26713A0300720834 /* SearchBarView.swift in Sources */,
				3D1D42CB267138E200720834 /* BottomView.swift in Sources */,
				3D1D42D126713A1100720834 /* SwipeActionsView.swift in Sources */,
				3D1D42D726713A3200720834 /* BlurEffectView.swift in Sources */,
				3D1D42BE2671349100720834 /* RefreshableView.swift in Sources */,
				3D1D42DA26713A4E00720834 /* AlertsAndActionSheetsView.swift in Sources */,
				3D1D42D426713A2500720834 /* RemoteImageView.swift in Sources */,
				3D1D42BC2671349100720834 /* WWDC21_ReferenceApp.swift in Sources */,
			);
			runOnlyForDeploymentPostprocessing = 0;
		};
/* End PBXSourcesBuildPhase section */

/* Begin XCBuildConfiguration section */
		3D1D42C12671349100720834 /* Debug */ = {
			isa = XCBuildConfiguration;
			buildSettings = {
				ALWAYS_SEARCH_USER_PATHS = NO;
				CLANG_ANALYZER_NONNULL = YES;
				CLANG_ANALYZER_NUMBER_OBJECT_CONVERSION = YES_AGGRESSIVE;
				CLANG_CXX_LANGUAGE_STANDARD = "gnu++14";
				CLANG_CXX_LIBRARY = "libc++";
				CLANG_ENABLE_MODULES = YES;
				CLANG_ENABLE_OBJC_ARC = YES;
				CLANG_ENABLE_OBJC_WEAK = YES;
				CLANG_WARN_BLOCK_CAPTURE_AUTORELEASING = YES;
				CLANG_WARN_BOOL_CONVERSION = YES;
				CLANG_WARN_COMMA = YES;
				CLANG_WARN_CONSTANT_CONVERSION = YES;
				CLANG_WARN_DEPRECATED_OBJC_IMPLEMENTATIONS = YES;
				CLANG_WARN_DIRECT_OBJC_ISA_USAGE = YES_ERROR;
				CLANG_WARN_DOCUMENTATION_COMMENTS = YES;
				CLANG_WARN_EMPTY_BODY = YES;
				CLANG_WARN_ENUM_CONVERSION = YES;
				CLANG_WARN_INFINITE_RECURSION = YES;
				CLANG_WARN_INT_CONVERSION = YES;
				CLANG_WARN_NON_LITERAL_NULL_CONVERSION = YES;
				CLANG_WARN_OBJC_IMPLICIT_RETAIN_SELF = YES;
				CLANG_WARN_OBJC_LITERAL_CONVERSION = YES;
				CLANG_WARN_OBJC_ROOT_CLASS = YES_ERROR;
				CLANG_WARN_QUOTED_INCLUDE_IN_FRAMEWORK_HEADER = YES;
				CLANG_WARN_RANGE_LOOP_ANALYSIS = YES;
				CLANG_WARN_STRICT_PROTOTYPES = YES;
				CLANG_WARN_SUSPICIOUS_MOVE = YES;
				CLANG_WARN_UNGUARDED_AVAILABILITY = YES_AGGRESSIVE;
				CLANG_WARN_UNREACHABLE_CODE = YES;
				CLANG_WARN__DUPLICATE_METHOD_MATCH = YES;
				COPY_PHASE_STRIP = NO;
				DEBUG_INFORMATION_FORMAT = dwarf;
				ENABLE_STRICT_OBJC_MSGSEND = YES;
				ENABLE_TESTABILITY = YES;
				GCC_C_LANGUAGE_STANDARD = gnu11;
				GCC_DYNAMIC_NO_PIC = NO;
				GCC_NO_COMMON_BLOCKS = YES;
				GCC_OPTIMIZATION_LEVEL = 0;
				GCC_PREPROCESSOR_DEFINITIONS = (
					"DEBUG=1",
					"$(inherited)",
				);
				GCC_WARN_64_TO_32_BIT_CONVERSION = YES;
				GCC_WARN_ABOUT_RETURN_TYPE = YES_ERROR;
				GCC_WARN_UNDECLARED_SELECTOR = YES;
				GCC_WARN_UNINITIALIZED_AUTOS = YES_AGGRESSIVE;
				GCC_WARN_UNUSED_FUNCTION = YES;
				GCC_WARN_UNUSED_VARIABLE = YES;
				MTL_ENABLE_DEBUG_INFO = INCLUDE_SOURCE;
				MTL_FAST_MATH = YES;
				ONLY_ACTIVE_ARCH = YES;
				SWIFT_ACTIVE_COMPILATION_CONDITIONS = DEBUG;
				SWIFT_OPTIMIZATION_LEVEL = "-Onone";
			};
			name = Debug;
		};
		3D1D42C22671349100720834 /* Release */ = {
			isa = XCBuildConfiguration;
			buildSettings = {
				ALWAYS_SEARCH_USER_PATHS = NO;
				CLANG_ANALYZER_NONNULL = YES;
				CLANG_ANALYZER_NUMBER_OBJECT_CONVERSION = YES_AGGRESSIVE;
				CLANG_CXX_LANGUAGE_STANDARD = "gnu++14";
				CLANG_CXX_LIBRARY = "libc++";
				CLANG_ENABLE_MODULES = YES;
				CLANG_ENABLE_OBJC_ARC = YES;
				CLANG_ENABLE_OBJC_WEAK = YES;
				CLANG_WARN_BLOCK_CAPTURE_AUTORELEASING = YES;
				CLANG_WARN_BOOL_CONVERSION = YES;
				CLANG_WARN_COMMA = YES;
				CLANG_WARN_CONSTANT_CONVERSION = YES;
				CLANG_WARN_DEPRECATED_OBJC_IMPLEMENTATIONS = YES;
				CLANG_WARN_DIRECT_OBJC_ISA_USAGE = YES_ERROR;
				CLANG_WARN_DOCUMENTATION_COMMENTS = YES;
				CLANG_WARN_EMPTY_BODY = YES;
				CLANG_WARN_ENUM_CONVERSION = YES;
				CLANG_WARN_INFINITE_RECURSION = YES;
				CLANG_WARN_INT_CONVERSION = YES;
				CLANG_WARN_NON_LITERAL_NULL_CONVERSION = YES;
				CLANG_WARN_OBJC_IMPLICIT_RETAIN_SELF = YES;
				CLANG_WARN_OBJC_LITERAL_CONVERSION = YES;
				CLANG_WARN_OBJC_ROOT_CLASS = YES_ERROR;
				CLANG_WARN_QUOTED_INCLUDE_IN_FRAMEWORK_HEADER = YES;
				CLANG_WARN_RANGE_LOOP_ANALYSIS = YES;
				CLANG_WARN_STRICT_PROTOTYPES = YES;
				CLANG_WARN_SUSPICIOUS_MOVE = YES;
				CLANG_WARN_UNGUARDED_AVAILABILITY = YES_AGGRESSIVE;
				CLANG_WARN_UNREACHABLE_CODE = YES;
				CLANG_WARN__DUPLICATE_METHOD_MATCH = YES;
				COPY_PHASE_STRIP = NO;
				DEBUG_INFORMATION_FORMAT = "dwarf-with-dsym";
				ENABLE_NS_ASSERTIONS = NO;
				ENABLE_STRICT_OBJC_MSGSEND = YES;
				GCC_C_LANGUAGE_STANDARD = gnu11;
				GCC_NO_COMMON_BLOCKS = YES;
				GCC_WARN_64_TO_32_BIT_CONVERSION = YES;
				GCC_WARN_ABOUT_RETURN_TYPE = YES_ERROR;
				GCC_WARN_UNDECLARED_SELECTOR = YES;
				GCC_WARN_UNINITIALIZED_AUTOS = YES_AGGRESSIVE;
				GCC_WARN_UNUSED_FUNCTION = YES;
				GCC_WARN_UNUSED_VARIABLE = YES;
				MTL_ENABLE_DEBUG_INFO = NO;
				MTL_FAST_MATH = YES;
				SWIFT_COMPILATION_MODE = wholemodule;
				SWIFT_OPTIMIZATION_LEVEL = "-O";
			};
			name = Release;
		};
		3D1D42C42671349100720834 /* Debug */ = {
			isa = XCBuildConfiguration;
			buildSettings = {
				ASSETCATALOG_COMPILER_APPICON_NAME = AppIcon;
				ASSETCATALOG_COMPILER_GLOBAL_ACCENT_COLOR_NAME = AccentColor;
				CODE_SIGN_STYLE = Automatic;
				CURRENT_PROJECT_VERSION = 1;
				DEVELOPMENT_TEAM = 9RHBZ7GZXD;
				ENABLE_PREVIEWS = YES;
				GENERATE_INFOPLIST_FILE = YES;
				INFOPLIST_KEY_UIApplicationSceneManifest_Generation = YES;
				INFOPLIST_KEY_UIApplicationSupportsIndirectInputEvents = YES;
				INFOPLIST_KEY_UILaunchScreen_Generation = YES;
				INFOPLIST_KEY_UISupportedInterfaceOrientations_iPad = "UIInterfaceOrientationPortrait UIInterfaceOrientationPortraitUpsideDown UIInterfaceOrientationLandscapeLeft UIInterfaceOrientationLandscapeRight";
				INFOPLIST_KEY_UISupportedInterfaceOrientations_iPhone = "UIInterfaceOrientationPortrait UIInterfaceOrientationLandscapeLeft UIInterfaceOrientationLandscapeRight";
				IPHONEOS_DEPLOYMENT_TARGET = 15.0;
				LD_RUNPATH_SEARCH_PATHS = (
					"$(inherited)",
					"@executable_path/Frameworks",
				);
				MARKETING_VERSION = 1.0;
				PRODUCT_BUNDLE_IDENTIFIER = "com.aidanpendlebury.WWDC21-Reference";
				PRODUCT_NAME = "WWDC21 Reference";
				SDKROOT = iphoneos;
				SWIFT_EMIT_LOC_STRINGS = YES;
				SWIFT_VERSION = 5.0;
				TARGETED_DEVICE_FAMILY = "1,2";
			};
			name = Debug;
		};
		3D1D42C52671349100720834 /* Release */ = {
			isa = XCBuildConfiguration;
			buildSettings = {
				ASSETCATALOG_COMPILER_APPICON_NAME = AppIcon;
				ASSETCATALOG_COMPILER_GLOBAL_ACCENT_COLOR_NAME = AccentColor;
				CODE_SIGN_STYLE = Automatic;
				CURRENT_PROJECT_VERSION = 1;
				DEVELOPMENT_TEAM = 9RHBZ7GZXD;
				ENABLE_PREVIEWS = YES;
				GENERATE_INFOPLIST_FILE = YES;
				INFOPLIST_KEY_UIApplicationSceneManifest_Generation = YES;
				INFOPLIST_KEY_UIApplicationSupportsIndirectInputEvents = YES;
				INFOPLIST_KEY_UILaunchScreen_Generation = YES;
				INFOPLIST_KEY_UISupportedInterfaceOrientations_iPad = "UIInterfaceOrientationPortrait UIInterfaceOrientationPortraitUpsideDown UIInterfaceOrientationLandscapeLeft UIInterfaceOrientationLandscapeRight";
				INFOPLIST_KEY_UISupportedInterfaceOrientations_iPhone = "UIInterfaceOrientationPortrait UIInterfaceOrientationLandscapeLeft UIInterfaceOrientationLandscapeRight";
				IPHONEOS_DEPLOYMENT_TARGET = 15.0;
				LD_RUNPATH_SEARCH_PATHS = (
					"$(inherited)",
					"@executable_path/Frameworks",
				);
				MARKETING_VERSION = 1.0;
				PRODUCT_BUNDLE_IDENTIFIER = "com.aidanpendlebury.WWDC21-Reference";
				PRODUCT_NAME = "WWDC21 Reference";
				SDKROOT = iphoneos;
				SWIFT_EMIT_LOC_STRINGS = YES;
				SWIFT_VERSION = 5.0;
				TARGETED_DEVICE_FAMILY = "1,2";
				VALIDATE_PRODUCT = YES;
			};
			name = Release;
		};
		3D1D42C72671349100720834 /* Debug */ = {
			isa = XCBuildConfiguration;
			buildSettings = {
				ASSETCATALOG_COMPILER_APPICON_NAME = AppIcon;
				ASSETCATALOG_COMPILER_GLOBAL_ACCENT_COLOR_NAME = AccentColor;
				CODE_SIGN_STYLE = Automatic;
				COMBINE_HIDPI_IMAGES = YES;
				CURRENT_PROJECT_VERSION = 1;
				DEVELOPMENT_TEAM = 9RHBZ7GZXD;
				ENABLE_APP_SANDBOX = YES;
				ENABLE_HARDENED_RUNTIME = YES;
				ENABLE_PREVIEWS = YES;
				ENABLE_USER_SELECTED_FILES = readonly;
				GENERATE_INFOPLIST_FILE = YES;
				INFOPLIST_KEY_NSHumanReadableCopyright = "";
				LD_RUNPATH_SEARCH_PATHS = (
					"$(inherited)",
					"@executable_path/../Frameworks",
				);
				MACOSX_DEPLOYMENT_TARGET = 11.0;
				MARKETING_VERSION = 1.0;
				PRODUCT_BUNDLE_IDENTIFIER = "com.aidanpendlebury.WWDC21-Reference";
				PRODUCT_NAME = "WWDC21 Reference";
				SDKROOT = macosx;
				SWIFT_EMIT_LOC_STRINGS = YES;
				SWIFT_VERSION = 5.0;
			};
			name = Debug;
		};
		3D1D42C82671349100720834 /* Release */ = {
			isa = XCBuildConfiguration;
			buildSettings = {
				ASSETCATALOG_COMPILER_APPICON_NAME = AppIcon;
				ASSETCATALOG_COMPILER_GLOBAL_ACCENT_COLOR_NAME = AccentColor;
				CODE_SIGN_STYLE = Automatic;
				COMBINE_HIDPI_IMAGES = YES;
				CURRENT_PROJECT_VERSION = 1;
				DEVELOPMENT_TEAM = 9RHBZ7GZXD;
				ENABLE_APP_SANDBOX = YES;
				ENABLE_HARDENED_RUNTIME = YES;
				ENABLE_PREVIEWS = YES;
				ENABLE_USER_SELECTED_FILES = readonly;
				GENERATE_INFOPLIST_FILE = YES;
				INFOPLIST_KEY_NSHumanReadableCopyright = "";
				LD_RUNPATH_SEARCH_PATHS = (
					"$(inherited)",
					"@executable_path/../Frameworks",
				);
				MACOSX_DEPLOYMENT_TARGET = 11.0;
				MARKETING_VERSION = 1.0;
				PRODUCT_BUNDLE_IDENTIFIER = "com.aidanpendlebury.WWDC21-Reference";
				PRODUCT_NAME = "WWDC21 Reference";
				SDKROOT = macosx;
				SWIFT_EMIT_LOC_STRINGS = YES;
				SWIFT_VERSION = 5.0;
			};
			name = Release;
		};
/* End XCBuildConfiguration section */

/* Begin XCConfigurationList section */
		3D1D42AB2671348F00720834 /* Build configuration list for PBXProject "WWDC21 Reference" */ = {
			isa = XCConfigurationList;
			buildConfigurations = (
				3D1D42C12671349100720834 /* Debug */,
				3D1D42C22671349100720834 /* Release */,
			);
			defaultConfigurationIsVisible = 0;
			defaultConfigurationName = Release;
		};
		3D1D42C32671349100720834 /* Build configuration list for PBXNativeTarget "WWDC21 Reference (iOS)" */ = {
			isa = XCConfigurationList;
			buildConfigurations = (
				3D1D42C42671349100720834 /* Debug */,
				3D1D42C52671349100720834 /* Release */,
			);
			defaultConfigurationIsVisible = 0;
			defaultConfigurationName = Release;
		};
		3D1D42C62671349100720834 /* Build configuration list for PBXNativeTarget "WWDC21 Reference (macOS)" */ = {
			isa = XCConfigurationList;
			buildConfigurations = (
				3D1D42C72671349100720834 /* Debug */,
				3D1D42C82671349100720834 /* Release */,
			);
			defaultConfigurationIsVisible = 0;
			defaultConfigurationName = Release;
		};
/* End XCConfigurationList section */
	};
	rootObject = 3D1D42A82671348F00720834 /* Project object */;
}
